
Microsoft Visual Studio Solution File, Format Version 12.00
# Visual Studio Version 17
VisualStudioVersion = 17.2.32616.157
MinimumVisualStudioVersion = 10.0.40219.1
Project("{FAE04EC0-301F-11D3-BF4B-00C04F79EFBC}") = "CineFilmes.API", "CineFilmes.API\CineFilmes.API.csproj", "{D34A6E91-6216-46DE-A2D9-1978328C451B}"
EndProject
Global
	GlobalSection(SolutionConfigurationPlatforms) = preSolution
		Debug|Any CPU = Debug|Any CPU
		Release|Any CPU = Release|Any CPU
	EndGlobalSection
	GlobalSection(ProjectConfigurationPlatforms) = postSolution
		{D34A6E91-6216-46DE-A2D9-1978328C451B}.Debug|Any CPU.ActiveCfg = Debug|Any CPU
		{D34A6E91-6216-46DE-A2D9-1978328C451B}.Debug|Any CPU.Build.0 = Debug|Any CPU
		{D34A6E91-6216-46DE-A2D9-1978328C451B}.Release|Any CPU.ActiveCfg = Release|Any CPU
		{D34A6E91-6216-46DE-A2D9-1978328C451B}.Release|Any CPU.Build.0 = Release|Any CPU
	EndGlobalSection
	GlobalSection(SolutionProperties) = preSolution
		HideSolutionNode = FALSE
	EndGlobalSection
	GlobalSection(ExtensibilityGlobals) = postSolution
		SolutionGuid = {E95BD015-5DEF-4F63-973C-EB6F1243A1E4}
	EndGlobalSection
EndGlobal
